
Microsoft Visual Studio Solution File, Format Version 12.00
# Visual Studio Version 16
VisualStudioVersion = 16.0.31402.337
MinimumVisualStudioVersion = 10.0.40219.1
Project("{FAE04EC0-301F-11D3-BF4B-00C04F79EFBC}") = "FlowControl", "FlowControl\FlowControl.csproj", "{DD56CB5E-1C90-444F-B6E7-1F5CF245144A}"
EndProject
Global
	GlobalSection(SolutionConfigurationPlatforms) = preSolution
		Debug|Any CPU = Debug|Any CPU
		Release|Any CPU = Release|Any CPU
	EndGlobalSection
	GlobalSection(ProjectConfigurationPlatforms) = postSolution
		{DD56CB5E-1C90-444F-B6E7-1F5CF245144A}.Debug|Any CPU.ActiveCfg = Debug|Any CPU
		{DD56CB5E-1C90-444F-B6E7-1F5CF245144A}.Debug|Any CPU.Build.0 = Debug|Any CPU
		{DD56CB5E-1C90-444F-B6E7-1F5CF245144A}.Release|Any CPU.ActiveCfg = Release|Any CPU
		{DD56CB5E-1C90-444F-B6E7-1F5CF245144A}.Release|Any CPU.Build.0 = Release|Any CPU
	EndGlobalSection
	GlobalSection(SolutionProperties) = preSolution
		HideSolutionNode = FALSE
	EndGlobalSection
	GlobalSection(ExtensibilityGlobals) = postSolution
		SolutionGuid = {4CA382B1-5E67-4F1E-B47D-A9F15C3BB263}
	EndGlobalSection
EndGlobal
